
Microsoft Visual Studio Solution File, Format Version 12.00
# Visual Studio Version 17
VisualStudioVersion = 17.7.34031.279
MinimumVisualStudioVersion = 10.0.40219.1
Project("{FAE04EC0-301F-11D3-BF4B-00C04F79EFBC}") = "Lesson2", "Lesson2\Lesson2.csproj", "{B067BEFC-8E04-4A23-8596-E6CE214EBE1A}"
EndProject
Global
	GlobalSection(SolutionConfigurationPlatforms) = preSolution
		Debug|Any CPU = Debug|Any CPU
		Release|Any CPU = Release|Any CPU
	EndGlobalSection
	GlobalSection(ProjectConfigurationPlatforms) = postSolution
		{B067BEFC-8E04-4A23-8596-E6CE214EBE1A}.Debug|Any CPU.ActiveCfg = Debug|Any CPU
		{B067BEFC-8E04-4A23-8596-E6CE214EBE1A}.Debug|Any CPU.Build.0 = Debug|Any CPU
		{B067BEFC-8E04-4A23-8596-E6CE214EBE1A}.Release|Any CPU.ActiveCfg = Release|Any CPU
		{B067BEFC-8E04-4A23-8596-E6CE214EBE1A}.Release|Any CPU.Build.0 = Release|Any CPU
	EndGlobalSection
	GlobalSection(SolutionProperties) = preSolution
		HideSolutionNode = FALSE
	EndGlobalSection
	GlobalSection(ExtensibilityGlobals) = postSolution
		SolutionGuid = {5A74E895-130B-481F-93D2-5614E183D9EC}
	EndGlobalSection
EndGlobal
